
Microsoft Visual Studio Solution File, Format Version 11.00
# Visual Studio 2010
Project("{FAE04EC0-301F-11D3-BF4B-00C04F79EFBC}") = "ADOBindingLab", "ADOBindingLab\ADOBindingLab.csproj", "{65AB514A-CD44-4F0E-A1AC-0665643A87EC}"
EndProject
Global
	GlobalSection(SolutionConfigurationPlatforms) = preSolution
		Debug|x86 = Debug|x86
		Release|x86 = Release|x86
	EndGlobalSection
	GlobalSection(ProjectConfigurationPlatforms) = postSolution
		{65AB514A-CD44-4F0E-A1AC-0665643A87EC}.Debug|x86.ActiveCfg = Debug|x86
		{65AB514A-CD44-4F0E-A1AC-0665643A87EC}.Debug|x86.Build.0 = Debug|x86
		{65AB514A-CD44-4F0E-A1AC-0665643A87EC}.Release|x86.ActiveCfg = Release|x86
		{65AB514A-CD44-4F0E-A1AC-0665643A87EC}.Release|x86.Build.0 = Release|x86
	EndGlobalSection
	GlobalSection(SolutionProperties) = preSolution
		HideSolutionNode = FALSE
	EndGlobalSection
EndGlobal
